<?xml version="1.0" encoding="UTF-8"?>
<CONFIG>
  <ProjectOptions>
    <Version Value="12"/>
    <PathDelim Value="\"/>
    <General>
      <Flags>
        <MainUnitHasUsesSectionForAllUnits Value="False"/>
        <MainUnitHasCreateFormStatements Value="False"/>
        <MainUnitHasTitleStatement Value="False"/>
        <CompatibilityMode Value="True"/>
      </Flags>
      <Title Value="Wachalarm-IP Server"/>
      <ResourceType Value="res"/>
      <UseXPManifest Value="True"/>
      <Icon Value="0"/>
    </General>
    <i18n>
      <EnableI18N LFM="False"/>
    </i18n>
    <VersionInfo>
      <UseVersionInfo Value="True"/>
      <MajorVersionNr Value="2"/>
      <MinorVersionNr Value="10"/>
      <RevisionNr Value="1"/>
      <BuildNr Value="1"/>
      <Language Value="0407"/>
      <StringTable InternalName="15.02.2023"/>
    </VersionInfo>
    <BuildModes Count="1" Active="Default">
      <Item1 Name="Default" Default="True"/>
    </BuildModes>
    <PublishOptions>
      <Version Value="2"/>
    </PublishOptions>
    <RunParams>
      <FormatVersion Value="2"/>
      <Modes Count="1">
        <Mode0 Name="default"/>
      </Modes>
    </RunParams>
    <RequiredPackages Count="1">
      <Item1>
        <PackageName Value="LCL"/>
      </Item1>
    </RequiredPackages>
    <Units Count="12">
      <Unit0>
        <Filename Value="Wachalarm-IP_Server.lpr"/>
        <IsPartOfProject Value="True"/>
        <EditorIndex Value="1"/>
        <CursorPos Y="21"/>
        <UsageCount Value="209"/>
        <Loaded Value="True"/>
      </Unit0>
      <Unit1>
        <Filename Value="Main.pas"/>
        <IsPartOfProject Value="True"/>
        <ComponentName Value="MainForm"/>
        <HasResources Value="True"/>
        <ResourceBaseClass Value="Form"/>
        <IsVisibleTab Value="True"/>
        <TopLine Value="188"/>
        <CursorPos X="7" Y="214"/>
        <UsageCount Value="209"/>
        <Loaded Value="True"/>
        <LoadedDesigner Value="True"/>
      </Unit1>
      <Unit2>
        <Filename Value="Config.pas"/>
        <IsPartOfProject Value="True"/>
        <ComponentName Value="ConfigForm"/>
        <HasResources Value="True"/>
        <ResourceBaseClass Value="Form"/>
        <EditorIndex Value="4"/>
        <TopLine Value="180"/>
        <CursorPos X="20" Y="226"/>
        <UsageCount Value="209"/>
        <Loaded Value="True"/>
      </Unit2>
      <Unit3>
        <Filename Value="Alarm_Picture.pas"/>
        <IsPartOfProject Value="True"/>
        <ComponentName Value="PictureForm"/>
        <HasResources Value="True"/>
        <ResourceBaseClass Value="Form"/>
        <EditorIndex Value="-1"/>
        <TopLine Value="22"/>
        <CursorPos X="28" Y="64"/>
        <UsageCount Value="209"/>
      </Unit3>
      <Unit4>
        <Filename Value="Splash.pas"/>
        <IsPartOfProject Value="True"/>
        <ComponentName Value="Frm_Splash"/>
        <HasResources Value="True"/>
        <ResourceBaseClass Value="Form"/>
        <EditorIndex Value="-1"/>
        <CursorPos X="13" Y="7"/>
        <UsageCount Value="147"/>
      </Unit4>
      <Unit5>
        <Filename Value="res\packages\twitter\twitter.pas"/>
        <EditorIndex Value="-1"/>
        <TopLine Value="697"/>
        <CursorPos X="19" Y="721"/>
        <UsageCount Value="14"/>
      </Unit5>
      <Unit6>
        <Filename Value="C:\lazarus\lcl\include\customform.inc"/>
        <EditorIndex Value="-1"/>
        <TopLine Value="2564"/>
        <CursorPos X="61" Y="2574"/>
        <UsageCount Value="3"/>
      </Unit6>
      <Unit7>
        <Filename Value="Funktionen.pas"/>
        <IsPartOfProject Value="True"/>
        <EditorIndex Value="2"/>
        <TopLine Value="29"/>
        <CursorPos X="43" Y="85"/>
        <UsageCount Value="201"/>
        <Loaded Value="True"/>
      </Unit7>
      <Unit8>
        <Filename Value="res\packages\twitter\oauth1.pas"/>
        <EditorIndex Value="-1"/>
        <CursorPos X="43" Y="123"/>
        <UsageCount Value="17"/>
      </Unit8>
      <Unit9>
        <Filename Value="Twitter_Picture.pas"/>
        <IsPartOfProject Value="True"/>
        <ComponentName Value="TwitterForm"/>
        <HasResources Value="True"/>
        <ResourceBaseClass Value="Form"/>
        <EditorIndex Value="3"/>
        <TopLine Value="40"/>
        <CursorPos X="29" Y="70"/>
        <UsageCount Value="200"/>
        <Loaded Value="True"/>
      </Unit9>
      <Unit10>
        <Filename Value="Simulation.pas"/>
        <IsPartOfProject Value="True"/>
        <ComponentName Value="SimulationForm"/>
        <HasResources Value="True"/>
        <ResourceBaseClass Value="Form"/>
        <EditorIndex Value="-1"/>
        <TopLine Value="125"/>
        <CursorPos X="12" Y="189"/>
        <UsageCount Value="205"/>
      </Unit10>
      <Unit11>
        <Filename Value="packages\twitter\twitter.pas"/>
        <EditorIndex Value="5"/>
        <TopLine Value="677"/>
        <CursorPos X="87" Y="759"/>
        <UsageCount Value="38"/>
        <Loaded Value="True"/>
      </Unit11>
    </Units>
    <JumpHistory Count="30" HistoryIndex="29">
      <Position1>
        <Filename Value="Main.pas"/>
        <Caret Line="1494" Column="48" TopLine="1489"/>
      </Position1>
      <Position2>
        <Filename Value="Main.pas"/>
        <Caret Line="2324" Column="20" TopLine="2292"/>
      </Position2>
      <Position3>
        <Filename Value="Main.pas"/>
        <Caret Line="47" Column="29"/>
      </Position3>
      <Position4>
        <Filename Value="Main.pas"/>
        <Caret Line="71" Column="16" TopLine="4"/>
      </Position4>
      <Position5>
        <Filename Value="Main.pas"/>
        <Caret Line="118" Column="26" TopLine="52"/>
      </Position5>
      <Position6>
        <Filename Value="Main.pas"/>
        <Caret Line="119" Column="26" TopLine="53"/>
      </Position6>
      <Position7>
        <Filename Value="Main.pas"/>
        <Caret Line="120" Column="26" TopLine="54"/>
      </Position7>
      <Position8>
        <Filename Value="Main.pas"/>
        <Caret Line="138" Column="23" TopLine="72"/>
      </Position8>
      <Position9>
        <Filename Value="Main.pas"/>
        <Caret Line="279" Column="14" TopLine="213"/>
      </Position9>
      <Position10>
        <Filename Value="Main.pas"/>
        <Caret Line="280" Column="62" TopLine="214"/>
      </Position10>
      <Position11>
        <Filename Value="Main.pas"/>
        <Caret Line="281" Column="66" TopLine="215"/>
      </Position11>
      <Position12>
        <Filename Value="Main.pas"/>
        <Caret Line="284" Column="68" TopLine="218"/>
      </Position12>
      <Position13>
        <Filename Value="Main.pas"/>
        <Caret Line="285" Column="66" TopLine="219"/>
      </Position13>
      <Position14>
        <Filename Value="Main.pas"/>
        <Caret Line="311" Column="28" TopLine="245"/>
      </Position14>
      <Position15>
        <Filename Value="Main.pas"/>
        <Caret Line="312" Column="58" TopLine="246"/>
      </Position15>
      <Position16>
        <Filename Value="Main.pas"/>
        <Caret Line="2370" Column="244" TopLine="2339"/>
      </Position16>
      <Position17>
        <Filename Value="Main.pas"/>
        <Caret Line="455" Column="42" TopLine="414"/>
      </Position17>
      <Position18>
        <Filename Value="Main.pas"/>
        <Caret Line="1634" Column="7" TopLine="1603"/>
      </Position18>
      <Position19>
        <Filename Value="Main.pas"/>
        <Caret Line="2332" Column="41" TopLine="1594"/>
      </Position19>
      <Position20>
        <Filename Value="Main.pas"/>
        <Caret Line="1998" Column="39" TopLine="1972"/>
      </Position20>
      <Position21>
        <Filename Value="Main.pas"/>
        <Caret Line="2039" Column="3" TopLine="2037"/>
      </Position21>
      <Position22>
        <Filename Value="Main.pas"/>
        <Caret Line="2046" Column="3" TopLine="2044"/>
      </Position22>
      <Position23>
        <Filename Value="Main.pas"/>
        <Caret Line="112" Column="42" TopLine="108"/>
      </Position23>
      <Position24>
        <Filename Value="Main.pas"/>
        <Caret Line="1991" Column="122" TopLine="1979"/>
      </Position24>
      <Position25>
        <Filename Value="Main.pas"/>
        <Caret Line="62" Column="5" TopLine="42"/>
      </Position25>
      <Position26>
        <Filename Value="Main.pas"/>
        <Caret Line="2041" Column="3" TopLine="2009"/>
      </Position26>
      <Position27>
        <Filename Value="Main.pas"/>
        <Caret Line="62" Column="5" TopLine="42"/>
      </Position27>
      <Position28>
        <Filename Value="Main.pas"/>
        <Caret Line="2041" Column="3" TopLine="2009"/>
      </Position28>
      <Position29>
        <Filename Value="Main.pas"/>
        <Caret Line="192" Column="35" TopLine="166"/>
      </Position29>
      <Position30>
        <Filename Value="Main.pas"/>
        <Caret Line="11" Column="58"/>
      </Position30>
    </JumpHistory>
  </ProjectOptions>
  <CompilerOptions>
    <Version Value="11"/>
    <PathDelim Value="\"/>
    <Target>
      <Filename Value="Wachalarm-IP-Server_$(TargetOS)"/>
    </Target>
    <SearchPaths>
      <IncludeFiles Value="$(ProjOutDir)"/>
      <Libraries Value="lib"/>
      <OtherUnitFiles Value="packages\synapse;packages\twitter"/>
      <UnitOutputDirectory Value="lib\$(TargetCPU)-$(TargetOS)"/>
    </SearchPaths>
    <Linking>
      <Debugging>
        <DebugInfoType Value="dsDwarf2Set"/>
        <UseHeaptrc Value="True"/>
        <StripSymbols Value="True"/>
      </Debugging>
      <Options>
        <Win32>
          <GraphicApplication Value="True"/>
        </Win32>
      </Options>
    </Linking>
  </CompilerOptions>
  <Debugging>
    <Watches Count="6">
      <Item1>
        <Expression Value="S_Fehlerindex"/>
      </Item1>
      <Item2>
        <Expression Value="S_Typ"/>
      </Item2>
      <Item3>
        <Expression Value="S_Wache"/>
      </Item3>
      <Item4>
        <Expression Value="S_IP"/>
      </Item4>
      <Item5>
        <Expression Value="S_Einsatznummer"/>
      </Item5>
      <Item6>
        <Expression Value="S_Meldung"/>
      </Item6>
    </Watches>
    <Exceptions Count="9">
      <Item1>
        <Name Value="EAbort"/>
      </Item1>
      <Item2>
        <Name Value="ECodetoolError"/>
      </Item2>
      <Item3>
        <Name Value="EFOpenError"/>
      </Item3>
      <Item4>
        <Name Value="EIdSocketError"/>
      </Item4>
      <Item5>
        <Name Value="EIdNotASocket"/>
      </Item5>
      <Item6>
        <Name Value="EIdConnectTimeout"/>
      </Item6>
      <Item7>
        <Name Value="EGridException"/>
      </Item7>
      <Item8>
        <Name Value="EOauth1Error"/>
      </Item8>
      <Item9>
        <Name Value="ERangeError"/>
      </Item9>
    </Exceptions>
  </Debugging>
</CONFIG>
