<?xml version="1.0" encoding="UTF-8"?>
<CONFIG>
  <ProjectOptions>
    <Version Value="9"/>
    <PathDelim Value="\"/>
    <General>
      <Flags>
        <MainUnitHasUsesSectionForAllUnits Value="False"/>
        <MainUnitHasCreateFormStatements Value="False"/>
        <MainUnitHasTitleStatement Value="False"/>
      </Flags>
      <MainUnit Value="0"/>
      <Title Value="Wachalarm-IP Server"/>
      <ResourceType Value="res"/>
      <UseXPManifest Value="True"/>
      <Icon Value="0"/>
    </General>
    <i18n>
      <EnableI18N LFM="False"/>
    </i18n>
    <VersionInfo>
      <UseVersionInfo Value="True"/>
      <AutoIncrementBuild Value="True"/>
      <MajorVersionNr Value="2"/>
      <MinorVersionNr Value="8"/>
      <RevisionNr Value="3"/>
      <BuildNr Value="1"/>
      <Language Value="0407"/>
      <StringTable ProductVersion=""/>
    </VersionInfo>
    <BuildModes Count="1" Active="Default">
      <Item1 Name="Default" Default="True"/>
    </BuildModes>
    <PublishOptions>
      <Version Value="2"/>
      <IncludeFileFilter Value="*.(pas|pp|inc|lfm|lpr|lrs|lpi|lpk|sh|xml)"/>
      <ExcludeFileFilter Value="*.(bak|ppu|o|so);*~;backup"/>
    </PublishOptions>
    <RunParams>
      <local>
        <FormatVersion Value="1"/>
      </local>
    </RunParams>
    <RequiredPackages Count="1">
      <Item1>
        <PackageName Value="LCL"/>
      </Item1>
    </RequiredPackages>
    <Units Count="28">
      <Unit0>
        <Filename Value="Wachalarm-IP_Server.lpr"/>
        <IsPartOfProject Value="True"/>
        <EditorIndex Value="-1"/>
        <CursorPos X="4" Y="7"/>
        <UsageCount Value="209"/>
      </Unit0>
      <Unit1>
        <Filename Value="Main.pas"/>
        <IsPartOfProject Value="True"/>
        <ComponentName Value="MainForm"/>
        <HasResources Value="True"/>
        <ResourceBaseClass Value="Form"/>
        <IsVisibleTab Value="True"/>
        <TopLine Value="610"/>
        <CursorPos X="31" Y="651"/>
        <UsageCount Value="209"/>
        <Loaded Value="True"/>
        <LoadedDesigner Value="True"/>
      </Unit1>
      <Unit2>
        <Filename Value="Config.pas"/>
        <IsPartOfProject Value="True"/>
        <ComponentName Value="ConfigForm"/>
        <HasResources Value="True"/>
        <ResourceBaseClass Value="Form"/>
        <EditorIndex Value="-1"/>
        <TopLine Value="112"/>
        <CursorPos X="63" Y="138"/>
        <UsageCount Value="209"/>
      </Unit2>
      <Unit3>
        <Filename Value="Alarm_Picture.pas"/>
        <IsPartOfProject Value="True"/>
        <ComponentName Value="PictureForm"/>
        <HasResources Value="True"/>
        <ResourceBaseClass Value="Form"/>
        <EditorIndex Value="-1"/>
        <TopLine Value="22"/>
        <CursorPos X="28" Y="64"/>
        <UsageCount Value="209"/>
      </Unit3>
      <Unit4>
        <Filename Value="C:\Lazarus\lcl\interfaces\win32\win32memostrings.inc"/>
        <EditorIndex Value="-1"/>
        <TopLine Value="49"/>
        <CursorPos Y="89"/>
        <UsageCount Value="9"/>
      </Unit4>
      <Unit5>
        <Filename Value="Splash.pas"/>
        <IsPartOfProject Value="True"/>
        <ComponentName Value="Frm_Splash"/>
        <HasResources Value="True"/>
        <ResourceBaseClass Value="Form"/>
        <EditorIndex Value="-1"/>
        <CursorPos X="13" Y="7"/>
        <UsageCount Value="83"/>
      </Unit5>
      <Unit6>
        <Filename Value="C:\lazarus\lcl\include\customform.inc"/>
        <EditorIndex Value="-1"/>
        <TopLine Value="2564"/>
        <CursorPos X="61" Y="2574"/>
        <UsageCount Value="6"/>
      </Unit6>
      <Unit7>
        <Filename Value="C:\Lazarus\lcl\grids.pas"/>
        <UnitName Value="Grids"/>
        <EditorIndex Value="-1"/>
        <TopLine Value="2392"/>
        <CursorPos Y="2413"/>
        <UsageCount Value="10"/>
      </Unit7>
      <Unit8>
        <Filename Value="res\packages\twitter\twitter.pas"/>
        <EditorIndex Value="-1"/>
        <TopLine Value="697"/>
        <CursorPos X="19" Y="721"/>
        <UsageCount Value="32"/>
      </Unit8>
      <Unit9>
        <Filename Value="res\packages\twitter\oauth1synapse.pas"/>
        <EditorIndex Value="-1"/>
        <TopLine Value="23"/>
        <CursorPos X="28" Y="54"/>
        <UsageCount Value="35"/>
      </Unit9>
      <Unit10>
        <Filename Value="Funktionen.pas"/>
        <IsPartOfProject Value="True"/>
        <EditorIndex Value="1"/>
        <TopLine Value="92"/>
        <CursorPos X="51" Y="112"/>
        <UsageCount Value="201"/>
        <Loaded Value="True"/>
      </Unit10>
      <Unit11>
        <Filename Value="res\packages\websocket\http_server.pas"/>
        <EditorIndex Value="-1"/>
        <TopLine Value="131"/>
        <CursorPos X="91" Y="136"/>
        <UsageCount Value="9"/>
      </Unit11>
      <Unit12>
        <Filename Value="res\packages\websocket\customserver2.pas"/>
        <UnitName Value="CustomServer2"/>
        <EditorIndex Value="-1"/>
        <TopLine Value="709"/>
        <UsageCount Value="7"/>
      </Unit12>
      <Unit13>
        <Filename Value="res\packages\websocket\bclasses.pas"/>
        <UnitName Value="BClasses"/>
        <EditorIndex Value="-1"/>
        <UsageCount Value="7"/>
      </Unit13>
      <Unit14>
        <Filename Value="C:\Lazarus\components\lazutils\lazutf8classes.pas"/>
        <UnitName Value="LazUTF8Classes"/>
        <EditorIndex Value="-1"/>
        <TopLine Value="24"/>
        <CursorPos X="64" Y="124"/>
        <UsageCount Value="7"/>
      </Unit14>
      <Unit15>
        <Filename Value="C:\lazarus\lcl\include\listitems.inc"/>
        <EditorIndex Value="-1"/>
        <CursorPos Y="41"/>
        <UsageCount Value="2"/>
      </Unit15>
      <Unit16>
        <Filename Value="res\packages\twitter\oauth1.pas"/>
        <EditorIndex Value="-1"/>
        <CursorPos X="43" Y="123"/>
        <UsageCount Value="35"/>
      </Unit16>
      <Unit17>
        <Filename Value="Twitter_Picture.pas"/>
        <IsPartOfProject Value="True"/>
        <ComponentName Value="TwitterForm"/>
        <HasResources Value="True"/>
        <ResourceBaseClass Value="Form"/>
        <EditorIndex Value="-1"/>
        <TopLine Value="48"/>
        <CursorPos X="29" Y="70"/>
        <UsageCount Value="200"/>
      </Unit17>
      <Unit18>
        <Filename Value="Simulation.pas"/>
        <IsPartOfProject Value="True"/>
        <ComponentName Value="SimulationForm"/>
        <HasResources Value="True"/>
        <ResourceBaseClass Value="Form"/>
        <EditorIndex Value="-1"/>
        <TopLine Value="125"/>
        <CursorPos X="12" Y="189"/>
        <UsageCount Value="205"/>
      </Unit18>
      <Unit19>
        <Filename Value="C:\Lazarus\components\lazutils\lazutf8.pas"/>
        <UnitName Value="LazUTF8"/>
        <EditorIndex Value="-1"/>
        <TopLine Value="2200"/>
        <CursorPos Y="2221"/>
        <UsageCount Value="8"/>
      </Unit19>
      <Unit20>
        <Filename Value="C:\lazarus\lcl\forms.pp"/>
        <UnitName Value="Forms"/>
        <EditorIndex Value="-1"/>
        <TopLine Value="569"/>
        <CursorPos X="26" Y="595"/>
        <UsageCount Value="6"/>
      </Unit20>
      <Unit21>
        <Filename Value="C:\Lazarus\lcl\include\control.inc"/>
        <EditorIndex Value="-1"/>
        <TopLine Value="3190"/>
        <CursorPos Y="3197"/>
        <UsageCount Value="11"/>
      </Unit21>
      <Unit22>
        <Filename Value="C:\Lazarus\lcl\stdctrls.pp"/>
        <UnitName Value="StdCtrls"/>
        <EditorIndex Value="-1"/>
        <TopLine Value="1594"/>
        <CursorPos X="38" Y="1510"/>
        <UsageCount Value="8"/>
      </Unit22>
      <Unit23>
        <Filename Value="C:\Lazarus\lcl\include\customlabel.inc"/>
        <EditorIndex Value="-1"/>
        <TopLine Value="327"/>
        <CursorPos X="51" Y="390"/>
        <UsageCount Value="8"/>
      </Unit23>
      <Unit24>
        <Filename Value="C:\Lazarus\lcl\include\font.inc"/>
        <EditorIndex Value="-1"/>
        <TopLine Value="800"/>
        <CursorPos Y="830"/>
        <UsageCount Value="5"/>
      </Unit24>
      <Unit25>
        <Filename Value="C:\Lazarus\lcl\textstrings.pas"/>
        <UnitName Value="TextStrings"/>
        <EditorIndex Value="-1"/>
        <TopLine Value="158"/>
        <CursorPos Y="179"/>
        <UsageCount Value="2"/>
      </Unit25>
      <Unit26>
        <Filename Value="C:\Lazarus\lcl\include\customedit.inc"/>
        <EditorIndex Value="-1"/>
        <TopLine Value="143"/>
        <CursorPos Y="164"/>
        <UsageCount Value="4"/>
      </Unit26>
      <Unit27>
        <Filename Value="C:\lazarus\lcl\include\application.inc"/>
        <EditorIndex Value="-1"/>
        <TopLine Value="336"/>
        <CursorPos Y="375"/>
        <UsageCount Value="5"/>
      </Unit27>
    </Units>
    <JumpHistory Count="25" HistoryIndex="24">
      <Position1>
        <Filename Value="Main.pas"/>
        <Caret Line="897" TopLine="879"/>
      </Position1>
      <Position2>
        <Filename Value="Main.pas"/>
        <Caret Line="898" TopLine="879"/>
      </Position2>
      <Position3>
        <Filename Value="Main.pas"/>
        <Caret Line="897" TopLine="879"/>
      </Position3>
      <Position4>
        <Filename Value="Main.pas"/>
        <Caret Line="1319" Column="52" TopLine="1302"/>
      </Position4>
      <Position5>
        <Filename Value="Main.pas"/>
        <Caret Line="301" TopLine="258"/>
      </Position5>
      <Position6>
        <Filename Value="Main.pas"/>
        <Caret Line="1076" Column="6" TopLine="1055"/>
      </Position6>
      <Position7>
        <Filename Value="Main.pas"/>
        <Caret Line="1099" Column="5" TopLine="1058"/>
      </Position7>
      <Position8>
        <Filename Value="Main.pas"/>
        <Caret Line="1071" Column="18" TopLine="1037"/>
      </Position8>
      <Position9>
        <Filename Value="Main.pas"/>
        <Caret Line="1091" Column="23" TopLine="1037"/>
      </Position9>
      <Position10>
        <Filename Value="Main.pas"/>
        <Caret Line="1092" TopLine="1037"/>
      </Position10>
      <Position11>
        <Filename Value="Main.pas"/>
        <Caret Line="1090" TopLine="1037"/>
      </Position11>
      <Position12>
        <Filename Value="Main.pas"/>
        <Caret Line="1095" TopLine="1037"/>
      </Position12>
      <Position13>
        <Filename Value="Main.pas"/>
        <Caret Line="1094" TopLine="1037"/>
      </Position13>
      <Position14>
        <Filename Value="Main.pas"/>
        <Caret Line="1097" Column="26" TopLine="1046"/>
      </Position14>
      <Position15>
        <Filename Value="Main.pas"/>
        <Caret Line="1165" Column="20" TopLine="1116"/>
      </Position15>
      <Position16>
        <Filename Value="Main.pas"/>
        <Caret Line="1171" Column="5" TopLine="1110"/>
      </Position16>
      <Position17>
        <Filename Value="Main.pas"/>
        <Caret Line="309" Column="49" TopLine="276"/>
      </Position17>
      <Position18>
        <Filename Value="Main.pas"/>
        <Caret Line="305" Column="7" TopLine="276"/>
      </Position18>
      <Position19>
        <Filename Value="Main.pas"/>
        <Caret Line="1105" Column="18" TopLine="1055"/>
      </Position19>
      <Position20>
        <Filename Value="Main.pas"/>
        <Caret Line="1092" Column="7" TopLine="1068"/>
      </Position20>
      <Position21>
        <Filename Value="Main.pas"/>
        <Caret Line="1134" Column="49" TopLine="1107"/>
      </Position21>
      <Position22>
        <Filename Value="Main.pas"/>
        <Caret Line="1094" Column="99" TopLine="1060"/>
      </Position22>
      <Position23>
        <Filename Value="Main.pas"/>
        <Caret Line="11" Column="23"/>
      </Position23>
      <Position24>
        <Filename Value="Main.pas"/>
        <Caret Line="1389" Column="58" TopLine="1358"/>
      </Position24>
      <Position25>
        <Filename Value="Main.pas"/>
        <Caret Line="182" Column="14" TopLine="148"/>
      </Position25>
    </JumpHistory>
  </ProjectOptions>
  <CompilerOptions>
    <Version Value="11"/>
    <PathDelim Value="\"/>
    <Target>
      <Filename Value="Wachalarm-IP-Server_$(TargetOS)"/>
    </Target>
    <SearchPaths>
      <IncludeFiles Value="$(ProjOutDir)"/>
      <Libraries Value="lib"/>
      <OtherUnitFiles Value="packages\synapse;packages\twitter"/>
      <UnitOutputDirectory Value="lib\$(TargetCPU)-$(TargetOS)"/>
    </SearchPaths>
    <Linking>
      <Debugging>
        <GenerateDebugInfo Value="False"/>
        <StripSymbols Value="True"/>
      </Debugging>
      <Options>
        <Win32>
          <GraphicApplication Value="True"/>
        </Win32>
      </Options>
    </Linking>
  </CompilerOptions>
  <Debugging>
    <Watches Count="51">
      <Item1>
        <Expression Value="Einsatzmittel[i].status"/>
      </Item1>
      <Item2>
        <Expression Value="Einsatzmittel[i].ip"/>
      </Item2>
      <Item3>
        <Expression Value="Einsatzmittel[i].Wache"/>
      </Item3>
      <Item4>
        <Expression Value="Einsatzmittel[i].Fahrzeug"/>
      </Item4>
      <Item5>
        <Expression Value="Einsatzmittel[i].Zuget_zeit"/>
      </Item5>
      <Item6>
        <Expression Value="Einsatzmittel[i].Alarm_zeit"/>
      </Item6>
      <Item7>
        <Expression Value="Einsatzmittel[i].Ausrueck_zeit "/>
      </Item7>
      <Item8>
        <Expression Value="Zeile_I"/>
      </Item8>
      <Item9>
        <Expression Value="PictureForm.LAlarm.Caption"/>
        <Enabled Value="False"/>
      </Item9>
      <Item10>
        <Expression Value="stringgrid1.RowCount"/>
      </Item10>
      <Item11>
        <Expression Value="Auftrag.Lines.text"/>
      </Item11>
      <Item12>
        <Expression Value="Auftrag"/>
      </Item12>
      <Item13>
        <Expression Value="E_Alarmierte_EM_Pic"/>
      </Item13>
      <Item14>
        <Expression Value="E_Ort"/>
      </Item14>
      <Item15>
        <Expression Value="E_Ortsteil"/>
      </Item15>
      <Item16>
        <Expression Value="E_Strasse"/>
      </Item16>
      <Item17>
        <Expression Value="E_Objekt"/>
      </Item17>
      <Item18>
        <Expression Value="E_Objektnummer"/>
      </Item18>
      <Item19>
        <Expression Value="E_Objektart"/>
      </Item19>
      <Item20>
        <Expression Value="E_Einsatzart"/>
      </Item20>
      <Item21>
        <Expression Value="E_Stichwort"/>
      </Item21>
      <Item22>
        <Expression Value="E_Sondersignal"/>
      </Item22>
      <Item23>
        <Expression Value="E_Einsatznummer"/>
      </Item23>
      <Item24>
        <Expression Value="E_Besonderheiten"/>
      </Item24>
      <Item25>
        <Expression Value="E_PName"/>
      </Item25>
      <Item26>
        <Expression Value="E_Alarmzeit"/>
      </Item26>
      <Item27>
        <Expression Value="E_Wachennummer"/>
      </Item27>
      <Item28>
        <Expression Value="Tweet"/>
      </Item28>
      <Item29>
        <Expression Value="SG_Twitter.Cells[j, 0]"/>
      </Item29>
      <Item30>
        <Expression Value="pos(M_Wachenfilter.Lines[k],Einsatzmittel[j].Wache)"/>
      </Item30>
      <Item31>
        <Expression Value="M_Wachenfilter.Lines[k]"/>
      </Item31>
      <Item32>
        <Expression Value="Einsatzmittel[j].Wache"/>
      </Item32>
      <Item33>
        <Expression Value="i"/>
      </Item33>
      <Item34>
        <Expression Value="j"/>
      </Item34>
      <Item35>
        <Expression Value="k"/>
      </Item35>
      <Item36>
        <Expression Value="E_Wachen"/>
      </Item36>
      <Item37>
        <Expression Value="test"/>
      </Item37>
      <Item38>
        <Expression Value="test_S"/>
      </Item38>
      <Item39>
        <Expression Value="SG_Twitter.Cells[0, j]"/>
      </Item39>
      <Item40>
        <Expression Value="Alarmwege"/>
      </Item40>
      <Item41>
        <Expression Value="MainForm.M_Auftrag.Lines.Count"/>
      </Item41>
      <Item42>
        <Expression Value="Alarmweg"/>
      </Item42>
      <Item43>
        <Expression Value="pos(',', Einsatzmittel[i].IP"/>
      </Item43>
      <Item44>
        <Expression Value="length(Einsatzmittel)"/>
      </Item44>
      <Item45>
        <Expression Value="inttostr(strtoint(copy(SG_Clients.Cells[0,Wache_SG_Row],+1,2))"/>
      </Item45>
      <Item46>
        <Expression Value="copy(SG_Clients.Cells[0,Wache_SG_Row],+1,2)"/>
      </Item46>
      <Item47>
        <Expression Value="SG_IP_Replace.Cells[1, 2]"/>
      </Item47>
      <Item48>
        <Expression Value="SG_IP_Replace.Cells[1, j]"/>
      </Item48>
      <Item49>
        <Expression Value="Einsatzmittel"/>
      </Item49>
      <Item50>
        <Expression Value="ConfigForm.M_DirectoryList.Lines[0]"/>
      </Item50>
      <Item51>
        <Expression Value="TmpFiles[0]"/>
      </Item51>
    </Watches>
    <Exceptions Count="8">
      <Item1>
        <Name Value="EAbort"/>
      </Item1>
      <Item2>
        <Name Value="ECodetoolError"/>
      </Item2>
      <Item3>
        <Name Value="EFOpenError"/>
      </Item3>
      <Item4>
        <Name Value="EIdSocketError"/>
      </Item4>
      <Item5>
        <Name Value="EIdNotASocket"/>
      </Item5>
      <Item6>
        <Name Value="EIdConnectTimeout"/>
      </Item6>
      <Item7>
        <Name Value="EGridException"/>
      </Item7>
      <Item8>
        <Name Value="EOauth1Error"/>
      </Item8>
    </Exceptions>
  </Debugging>
</CONFIG>
